// !$*UTF8*$!
{
	archiveVersion = 1;
	classes = {
	};
	objectVersion = 46;
	objects = {

/* Begin PBXBuildFile section */
		4F08AF9D1614885600D446C2 /* NVStyledButton.m in Sources */ = {isa = PBXBuildFile; fileRef = 4F08AF9C1614885500D446C2 /* NVStyledButton.m */; };
		4F0B716216234A82007246F9 /* index.html in Resources */ = {isa = PBXBuildFile; fileRef = 4F0B716116234A82007246F9 /* index.html */; };
		4F0DA4BA1609CED500D21ABE /* BFImage.m in Sources */ = {isa = PBXBuildFile; fileRef = 4F0DA4B81609CED500D21ABE /* BFImage.m */; settings = {COMPILER_FLAGS = "-fno-objc-arc"; }; };
		4F107C681610CF0E00624611 /* InstallPow.sh in Resources */ = {isa = PBXBuildFile; fileRef = 4F107C671610CF0E00624611 /* InstallPow.sh */; };
		4F2CCA10176384060010AB4B /* NVGroupHeaderTableCellView.m in Sources */ = {isa = PBXBuildFile; fileRef = 4F2CCA0F176384060010AB4B /* NVGroupHeaderTableCellView.m */; };
		4F361366160C9816008584A0 /* NVPopupButtonCell.m in Sources */ = {isa = PBXBuildFile; fileRef = 4F361365160C9816008584A0 /* NVPopupButtonCell.m */; };
		4F4AFFED1778AACF0081BBD3 /* Anvil.icns in Resources */ = {isa = PBXBuildFile; fileRef = 4F4AFFEC1778AACF0081BBD3 /* Anvil.icns */; };
		4F6DBFDB160626FB00D2F214 /* NVLabel.m in Sources */ = {isa = PBXBuildFile; fileRef = 4F6DBFDA160626FA00D2F214 /* NVLabel.m */; };
		4F723F9B1768D547004C5990 /* Footer.png in Resources */ = {isa = PBXBuildFile; fileRef = 4F723F991768D547004C5990 /* Footer.png */; };
		4F723F9C1768D547004C5990 /* Footer@2x.png in Resources */ = {isa = PBXBuildFile; fileRef = 4F723F9A1768D547004C5990 /* Footer@2x.png */; };
		4F78B8941608AD17006B0500 /* NVStyledView.m in Sources */ = {isa = PBXBuildFile; fileRef = 4F78B8931608AD17006B0500 /* NVStyledView.m */; };
		4F78B8CE1608ADCD006B0500 /* NSBezierPath+Additions.m in Sources */ = {isa = PBXBuildFile; fileRef = 4F78B8CD1608ADCD006B0500 /* NSBezierPath+Additions.m */; };
		4F78B8DC1608ADE4006B0500 /* NSError+HTTP.m in Sources */ = {isa = PBXBuildFile; fileRef = 4F78B8D11608ADE4006B0500 /* NSError+HTTP.m */; };
		4F78B8DD1608ADE4006B0500 /* NSGradient+Additions.m in Sources */ = {isa = PBXBuildFile; fileRef = 4F78B8D31608ADE4006B0500 /* NSGradient+Additions.m */; };
		4F78B8DE1608ADE4006B0500 /* NSGraphicsContext+Additions.m in Sources */ = {isa = PBXBuildFile; fileRef = 4F78B8D51608ADE4006B0500 /* NSGraphicsContext+Additions.m */; };
		4F78B8DF1608ADE4006B0500 /* NSImage+Additions.m in Sources */ = {isa = PBXBuildFile; fileRef = 4F78B8D71608ADE4006B0500 /* NSImage+Additions.m */; };
		4F78B8E01608ADE4006B0500 /* NSShadow+Additions.m in Sources */ = {isa = PBXBuildFile; fileRef = 4F78B8D91608ADE4006B0500 /* NSShadow+Additions.m */; };
		4F78B8E11608ADE4006B0500 /* HMCoding.m in Sources */ = {isa = PBXBuildFile; fileRef = 4F78B8DB1608ADE4006B0500 /* HMCoding.m */; };
		4F78B8E41608C585006B0500 /* NVSwitchView.m in Sources */ = {isa = PBXBuildFile; fileRef = 4F78B8E31608C585006B0500 /* NVSwitchView.m */; };
		4FA5A09C1763633D00196CDF /* AddButton.png in Resources */ = {isa = PBXBuildFile; fileRef = 4FA5A06A1763633D00196CDF /* AddButton.png */; };
		4FA5A09D1763633D00196CDF /* AddButton@2x.png in Resources */ = {isa = PBXBuildFile; fileRef = 4FA5A06B1763633D00196CDF /* AddButton@2x.png */; };
		4FA5A09E1763633D00196CDF /* AddButtonPushed.png in Resources */ = {isa = PBXBuildFile; fileRef = 4FA5A06C1763633D00196CDF /* AddButtonPushed.png */; };
		4FA5A09F1763633D00196CDF /* AddButtonPushed@2x.png in Resources */ = {isa = PBXBuildFile; fileRef = 4FA5A06D1763633D00196CDF /* AddButtonPushed@2x.png */; };
		4FA5A0A01763633D00196CDF /* BlueButton.png in Resources */ = {isa = PBXBuildFile; fileRef = 4FA5A06E1763633D00196CDF /* BlueButton.png */; };
		4FA5A0A11763633D00196CDF /* BlueButton@2x.png in Resources */ = {isa = PBXBuildFile; fileRef = 4FA5A06F1763633D00196CDF /* BlueButton@2x.png */; };
		4FA5A0A21763633D00196CDF /* BlueButtonPushed.png in Resources */ = {isa = PBXBuildFile; fileRef = 4FA5A0701763633D00196CDF /* BlueButtonPushed.png */; };
		4FA5A0A31763633D00196CDF /* BlueButtonPushed@2x.png in Resources */ = {isa = PBXBuildFile; fileRef = 4FA5A0711763633D00196CDF /* BlueButtonPushed@2x.png */; };
		4FA5A0A41763633D00196CDF /* ButtonAdd.png in Resources */ = {isa = PBXBuildFile; fileRef = 4FA5A0721763633D00196CDF /* ButtonAdd.png */; };
		4FA5A0A51763633D00196CDF /* ButtonAdd@2x.png in Resources */ = {isa = PBXBuildFile; fileRef = 4FA5A0731763633D00196CDF /* ButtonAdd@2x.png */; };
		4FA5A0A61763633D00196CDF /* ButtonAddPushed.png in Resources */ = {isa = PBXBuildFile; fileRef = 4FA5A0741763633D00196CDF /* ButtonAddPushed.png */; };
		4FA5A0A71763633D00196CDF /* ButtonAddPushed@2x.png in Resources */ = {isa = PBXBuildFile; fileRef = 4FA5A0751763633D00196CDF /* ButtonAddPushed@2x.png */; };
		4FA5A0A81763633D00196CDF /* Delete.png in Resources */ = {isa = PBXBuildFile; fileRef = 4FA5A0761763633D00196CDF /* Delete.png */; };
		4FA5A0A91763633D00196CDF /* Delete@2x.png in Resources */ = {isa = PBXBuildFile; fileRef = 4FA5A0771763633D00196CDF /* Delete@2x.png */; };
		4FA5A0AA1763633D00196CDF /* DeleteButton.png in Resources */ = {isa = PBXBuildFile; fileRef = 4FA5A0781763633D00196CDF /* DeleteButton.png */; };
		4FA5A0AB1763633D00196CDF /* DeleteButton@2x.png in Resources */ = {isa = PBXBuildFile; fileRef = 4FA5A0791763633D00196CDF /* DeleteButton@2x.png */; };
		4FA5A0AC1763633D00196CDF /* DeleteButtonPushed.png in Resources */ = {isa = PBXBuildFile; fileRef = 4FA5A07A1763633D00196CDF /* DeleteButtonPushed.png */; };
		4FA5A0AD1763633D00196CDF /* DeleteButtonPushed@2x.png in Resources */ = {isa = PBXBuildFile; fileRef = 4FA5A07B1763633D00196CDF /* DeleteButtonPushed@2x.png */; };
		4FA5A0AE1763633D00196CDF /* DeleteHover.png in Resources */ = {isa = PBXBuildFile; fileRef = 4FA5A07C1763633D00196CDF /* DeleteHover.png */; };
		4FA5A0AF1763633D00196CDF /* DeleteHover@2x.png in Resources */ = {isa = PBXBuildFile; fileRef = 4FA5A07D1763633D00196CDF /* DeleteHover@2x.png */; };
		4FA5A0B01763633D00196CDF /* DeletePushed.png in Resources */ = {isa = PBXBuildFile; fileRef = 4FA5A07E1763633D00196CDF /* DeletePushed.png */; };
		4FA5A0B11763633D00196CDF /* DeletePushed@2x.png in Resources */ = {isa = PBXBuildFile; fileRef = 4FA5A07F1763633D00196CDF /* DeletePushed@2x.png */; };
		4FA5A0B21763633D00196CDF /* HammerHeader.png in Resources */ = {isa = PBXBuildFile; fileRef = 4FA5A0801763633D00196CDF /* HammerHeader.png */; };
		4FA5A0B31763633D00196CDF /* HammerHeader@2x.png in Resources */ = {isa = PBXBuildFile; fileRef = 4FA5A0811763633D00196CDF /* HammerHeader@2x.png */; };
		4FA5A0B41763633D00196CDF /* MenubarIcon.png in Resources */ = {isa = PBXBuildFile; fileRef = 4FA5A0821763633D00196CDF /* MenubarIcon.png */; };
		4FA5A0B51763633D00196CDF /* MenubarIcon@2x.png in Resources */ = {isa = PBXBuildFile; fileRef = 4FA5A0831763633D00196CDF /* MenubarIcon@2x.png */; };
		4FA5A0B61763633D00196CDF /* MenubarIconAlt.png in Resources */ = {isa = PBXBuildFile; fileRef = 4FA5A0841763633D00196CDF /* MenubarIconAlt.png */; };
		4FA5A0B71763633D00196CDF /* MenubarIconAlt@2x.png in Resources */ = {isa = PBXBuildFile; fileRef = 4FA5A0851763633D00196CDF /* MenubarIconAlt@2x.png */; };
		4FA5A0B81763633D00196CDF /* MenubarIconGlow.png in Resources */ = {isa = PBXBuildFile; fileRef = 4FA5A0861763633D00196CDF /* MenubarIconGlow.png */; };
		4FA5A0B91763633D00196CDF /* MenubarIconGlow@2x.png in Resources */ = {isa = PBXBuildFile; fileRef = 4FA5A0871763633D00196CDF /* MenubarIconGlow@2x.png */; };
		4FA5A0BA1763633D00196CDF /* Restart.png in Resources */ = {isa = PBXBuildFile; fileRef = 4FA5A0881763633D00196CDF /* Restart.png */; };
		4FA5A0BB1763633D00196CDF /* Restart@2x.png in Resources */ = {isa = PBXBuildFile; fileRef = 4FA5A0891763633D00196CDF /* Restart@2x.png */; };
		4FA5A0BC1763633D00196CDF /* RestartHover.png in Resources */ = {isa = PBXBuildFile; fileRef = 4FA5A08A1763633D00196CDF /* RestartHover.png */; };
		4FA5A0BD1763633D00196CDF /* RestartHover@2x.png in Resources */ = {isa = PBXBuildFile; fileRef = 4FA5A08B1763633D00196CDF /* RestartHover@2x.png */; };
		4FA5A0BE1763633D00196CDF /* RestartPushed.png in Resources */ = {isa = PBXBuildFile; fileRef = 4FA5A08C1763633D00196CDF /* RestartPushed.png */; };
		4FA5A0BF1763633D00196CDF /* RestartPushed@2x.png in Resources */ = {isa = PBXBuildFile; fileRef = 4FA5A08D1763633D00196CDF /* RestartPushed@2x.png */; };
		4FA5A0C01763633D00196CDF /* SettingsButton.png in Resources */ = {isa = PBXBuildFile; fileRef = 4FA5A08E1763633D00196CDF /* SettingsButton.png */; };
		4FA5A0C11763633D00196CDF /* SettingsButton@2x.png in Resources */ = {isa = PBXBuildFile; fileRef = 4FA5A08F1763633D00196CDF /* SettingsButton@2x.png */; };
		4FA5A0C21763633D00196CDF /* SettingsButtonPushed.png in Resources */ = {isa = PBXBuildFile; fileRef = 4FA5A0901763633D00196CDF /* SettingsButtonPushed.png */; };
		4FA5A0C31763633D00196CDF /* SettingsButtonPushed@2x.png in Resources */ = {isa = PBXBuildFile; fileRef = 4FA5A0911763633D00196CDF /* SettingsButtonPushed@2x.png */; };
		4FA5A0C41763633D00196CDF /* Switch.png in Resources */ = {isa = PBXBuildFile; fileRef = 4FA5A0921763633D00196CDF /* Switch.png */; };
		4FA5A0C51763633D00196CDF /* Switch@2x.png in Resources */ = {isa = PBXBuildFile; fileRef = 4FA5A0931763633D00196CDF /* Switch@2x.png */; };
		4FA5A0C61763633D00196CDF /* SwitchActive.png in Resources */ = {isa = PBXBuildFile; fileRef = 4FA5A0941763633D00196CDF /* SwitchActive.png */; };
		4FA5A0C71763633D00196CDF /* SwitchActive@2x.png in Resources */ = {isa = PBXBuildFile; fileRef = 4FA5A0951763633D00196CDF /* SwitchActive@2x.png */; };
		4FA5A0C81763633D00196CDF /* SwitchInactive.png in Resources */ = {isa = PBXBuildFile; fileRef = 4FA5A0961763633D00196CDF /* SwitchInactive.png */; };
		4FA5A0C91763633D00196CDF /* SwitchInactive@2x.png in Resources */ = {isa = PBXBuildFile; fileRef = 4FA5A0971763633D00196CDF /* SwitchInactive@2x.png */; };
		4FA5A0CA1763633D00196CDF /* Titlebar.png in Resources */ = {isa = PBXBuildFile; fileRef = 4FA5A0981763633D00196CDF /* Titlebar.png */; };
		4FA5A0CB1763633D00196CDF /* Titlebar@2x.png in Resources */ = {isa = PBXBuildFile; fileRef = 4FA5A0991763633D00196CDF /* Titlebar@2x.png */; };
		4FA5A0CC1763633D00196CDF /* TitlebarPoint.png in Resources */ = {isa = PBXBuildFile; fileRef = 4FA5A09A1763633D00196CDF /* TitlebarPoint.png */; };
		4FA5A0CD1763633D00196CDF /* TitlebarPoint@2x.png in Resources */ = {isa = PBXBuildFile; fileRef = 4FA5A09B1763633D00196CDF /* TitlebarPoint@2x.png */; };
		4FA5A0D117636A3D00196CDF /* NSButton+NSButton_Extensions.m in Sources */ = {isa = PBXBuildFile; fileRef = 4FA5A0D017636A3D00196CDF /* NSButton+NSButton_Extensions.m */; };
		4FA7B8621767706F009B0BBF /* RowBackgroundPushed.png in Resources */ = {isa = PBXBuildFile; fileRef = 4FA7B8601767706F009B0BBF /* RowBackgroundPushed.png */; };
		4FA7B8631767706F009B0BBF /* RowBackgroundPushed@2x.png in Resources */ = {isa = PBXBuildFile; fileRef = 4FA7B8611767706F009B0BBF /* RowBackgroundPushed@2x.png */; };
		4FAB52731611D78400BD03F8 /* QuartzCore.framework in Frameworks */ = {isa = PBXBuildFile; fileRef = 4FAB52721611D78400BD03F8 /* QuartzCore.framework */; };
		4FB35C471740113600107F30 /* NVGroupHeaderTableRowView.m in Sources */ = {isa = PBXBuildFile; fileRef = 4FB35C461740113600107F30 /* NVGroupHeaderTableRowView.m */; };
		4FB9E80D1605FEBE005B50A4 /* NVApp.m in Sources */ = {isa = PBXBuildFile; fileRef = 4FB9E80C1605FEBE005B50A4 /* NVApp.m */; };
		4FB9E81216061096005B50A4 /* NVTableRowView.m in Sources */ = {isa = PBXBuildFile; fileRef = 4FB9E81116061096005B50A4 /* NVTableRowView.m */; };
		4FB9E815160610A1005B50A4 /* NVTableCellView.m in Sources */ = {isa = PBXBuildFile; fileRef = 4FB9E814160610A1005B50A4 /* NVTableCellView.m */; };
		4FBABB051613442200D4174B /* Sparkle.framework in Frameworks */ = {isa = PBXBuildFile; fileRef = 4FBABB041613442200D4174B /* Sparkle.framework */; };
		4FBABB081613443A00D4174B /* Sparkle.framework in CopyFiles */ = {isa = PBXBuildFile; fileRef = 4FBABB041613442200D4174B /* Sparkle.framework */; };
		4FBABB0A161344D600D4174B /* dsa_pub.pem in Resources */ = {isa = PBXBuildFile; fileRef = 4FBABB09161344D600D4174B /* dsa_pub.pem */; };
		4FBFA35B15C6F85800BA8209 /* Cocoa.framework in Frameworks */ = {isa = PBXBuildFile; fileRef = 4FBFA35A15C6F85800BA8209 /* Cocoa.framework */; };
		4FBFA36515C6F85800BA8209 /* InfoPlist.strings in Resources */ = {isa = PBXBuildFile; fileRef = 4FBFA36315C6F85800BA8209 /* InfoPlist.strings */; };
		4FBFA36715C6F85800BA8209 /* main.m in Sources */ = {isa = PBXBuildFile; fileRef = 4FBFA36615C6F85800BA8209 /* main.m */; };
		4FBFA36B15C6F85800BA8209 /* Credits.rtf in Resources */ = {isa = PBXBuildFile; fileRef = 4FBFA36915C6F85800BA8209 /* Credits.rtf */; };
		4FBFA36E15C6F85800BA8209 /* NVAppDelegate.m in Sources */ = {isa = PBXBuildFile; fileRef = 4FBFA36D15C6F85800BA8209 /* NVAppDelegate.m */; };
		4FBFA37115C6F85800BA8209 /* MainMenu.xib in Resources */ = {isa = PBXBuildFile; fileRef = 4FBFA36F15C6F85800BA8209 /* MainMenu.xib */; };
		4FBFA38015C6F8D500BA8209 /* NVMenubarController.m in Sources */ = {isa = PBXBuildFile; fileRef = 4FBFA37F15C6F8D500BA8209 /* NVMenubarController.m */; };
		4FBFA38315C6F94900BA8209 /* NVPanelController.m in Sources */ = {isa = PBXBuildFile; fileRef = 4FBFA38215C6F94900BA8209 /* NVPanelController.m */; };
		4FBFA38A15C6F9F400BA8209 /* NVStatusItemView.m in Sources */ = {isa = PBXBuildFile; fileRef = 4FBFA38915C6F9F400BA8209 /* NVStatusItemView.m */; };
		4FBFA38D15C6FA7E00BA8209 /* NVBackgroundView.m in Sources */ = {isa = PBXBuildFile; fileRef = 4FBFA38C15C6FA7E00BA8209 /* NVBackgroundView.m */; };
		4FBFA39815C6FE7F00BA8209 /* NVPanel.m in Sources */ = {isa = PBXBuildFile; fileRef = 4FBFA39715C6FE7F00BA8209 /* NVPanel.m */; };
		4FBFA39A15C7006A00BA8209 /* Panel.xib in Resources */ = {isa = PBXBuildFile; fileRef = 4FBFA39915C7006A00BA8209 /* Panel.xib */; };
		4FBFA3A515C7EE4F00BA8209 /* NVSiteTableView.m in Sources */ = {isa = PBXBuildFile; fileRef = 4FBFA3A415C7EE4F00BA8209 /* NVSiteTableView.m */; };
		4FBFA3B215C7F0DE00BA8209 /* NVSiteTableController.m in Sources */ = {isa = PBXBuildFile; fileRef = 4FBFA3B115C7F0DE00BA8209 /* NVSiteTableController.m */; };
		4FBFA3B615C7F16300BA8209 /* NVLayeredImageView.m in Sources */ = {isa = PBXBuildFile; fileRef = 4FBFA3B515C7F16300BA8209 /* NVLayeredImageView.m */; };
		4FBFA3B915C7F49200BA8209 /* NVDataSource.m in Sources */ = {isa = PBXBuildFile; fileRef = 4FBFA3B815C7F49200BA8209 /* NVDataSource.m */; };
		4FCEDE9516159EA600122B18 /* CustomLoadingSpinner.m in Sources */ = {isa = PBXBuildFile; fileRef = 4FCEDE9416159EA600122B18 /* CustomLoadingSpinner.m */; };
		4FCEDE991615B7F700122B18 /* NVSpinnerButton.m in Sources */ = {isa = PBXBuildFile; fileRef = 4FCEDE981615B7F700122B18 /* NVSpinnerButton.m */; };
		4FD8D2FB176A72EF00D33EE8 /* LaunchAtLoginController.m in Sources */ = {isa = PBXBuildFile; fileRef = 4FD8D2FA176A72EF00D33EE8 /* LaunchAtLoginController.m */; settings = {COMPILER_FLAGS = "-fno-objc-arc"; }; };
/* End PBXBuildFile section */

/* Begin PBXCopyFilesBuildPhase section */
		4FBABB071613443100D4174B /* CopyFiles */ = {
			isa = PBXCopyFilesBuildPhase;
			buildActionMask = 2147483647;
			dstPath = "";
			dstSubfolderSpec = 10;
			files = (
				4FBABB081613443A00D4174B /* Sparkle.framework in CopyFiles */,
			);
			runOnlyForDeploymentPostprocessing = 0;
		};
/* End PBXCopyFilesBuildPhase section */

/* Begin PBXFileReference section */
		4F08AF9B1614885500D446C2 /* NVStyledButton.h */ = {isa = PBXFileReference; fileEncoding = 4; lastKnownFileType = sourcecode.c.h; path = NVStyledButton.h; sourceTree = "<group>"; };
		4F08AF9C1614885500D446C2 /* NVStyledButton.m */ = {isa = PBXFileReference; fileEncoding = 4; lastKnownFileType = sourcecode.c.objc; path = NVStyledButton.m; sourceTree = "<group>"; };
		4F0B716116234A82007246F9 /* index.html */ = {isa = PBXFileReference; fileEncoding = 4; lastKnownFileType = text.html; path = index.html; sourceTree = "<group>"; };
		4F0DA4B81609CED500D21ABE /* BFImage.m */ = {isa = PBXFileReference; fileEncoding = 4; lastKnownFileType = sourcecode.c.objc; path = BFImage.m; sourceTree = "<group>"; };
		4F0DA4B91609CED500D21ABE /* BFImage.h */ = {isa = PBXFileReference; fileEncoding = 4; lastKnownFileType = sourcecode.c.h; path = BFImage.h; sourceTree = "<group>"; };
		4F107C671610CF0E00624611 /* InstallPow.sh */ = {isa = PBXFileReference; fileEncoding = 4; lastKnownFileType = text.script.sh; path = InstallPow.sh; sourceTree = "<group>"; };
		4F2CCA0E176384060010AB4B /* NVGroupHeaderTableCellView.h */ = {isa = PBXFileReference; fileEncoding = 4; lastKnownFileType = sourcecode.c.h; path = NVGroupHeaderTableCellView.h; sourceTree = "<group>"; };
		4F2CCA0F176384060010AB4B /* NVGroupHeaderTableCellView.m */ = {isa = PBXFileReference; fileEncoding = 4; lastKnownFileType = sourcecode.c.objc; path = NVGroupHeaderTableCellView.m; sourceTree = "<group>"; };
		4F361364160C9816008584A0 /* NVPopupButtonCell.h */ = {isa = PBXFileReference; fileEncoding = 4; lastKnownFileType = sourcecode.c.h; path = NVPopupButtonCell.h; sourceTree = "<group>"; };
		4F361365160C9816008584A0 /* NVPopupButtonCell.m */ = {isa = PBXFileReference; fileEncoding = 4; lastKnownFileType = sourcecode.c.objc; path = NVPopupButtonCell.m; sourceTree = "<group>"; };
		4F4AFFEC1778AACF0081BBD3 /* Anvil.icns */ = {isa = PBXFileReference; lastKnownFileType = image.icns; path = Anvil.icns; sourceTree = "<group>"; };
		4F6DBFD9160626FA00D2F214 /* NVLabel.h */ = {isa = PBXFileReference; fileEncoding = 4; lastKnownFileType = sourcecode.c.h; path = NVLabel.h; sourceTree = "<group>"; };
		4F6DBFDA160626FA00D2F214 /* NVLabel.m */ = {isa = PBXFileReference; fileEncoding = 4; lastKnownFileType = sourcecode.c.objc; path = NVLabel.m; sourceTree = "<group>"; };
		4F723F991768D547004C5990 /* Footer.png */ = {isa = PBXFileReference; lastKnownFileType = image.png; path = Footer.png; sourceTree = "<group>"; };
		4F723F9A1768D547004C5990 /* Footer@2x.png */ = {isa = PBXFileReference; lastKnownFileType = image.png; path = "Footer@2x.png"; sourceTree = "<group>"; };
		4F78B8921608AD17006B0500 /* NVStyledView.h */ = {isa = PBXFileReference; fileEncoding = 4; lastKnownFileType = sourcecode.c.h; path = NVStyledView.h; sourceTree = "<group>"; };
		4F78B8931608AD17006B0500 /* NVStyledView.m */ = {isa = PBXFileReference; fileEncoding = 4; lastKnownFileType = sourcecode.c.objc; path = NVStyledView.m; sourceTree = "<group>"; };
		4F78B8CC1608ADCD006B0500 /* NSBezierPath+Additions.h */ = {isa = PBXFileReference; fileEncoding = 4; lastKnownFileType = sourcecode.c.h; path = "NSBezierPath+Additions.h"; sourceTree = "<group>"; };
		4F78B8CD1608ADCD006B0500 /* NSBezierPath+Additions.m */ = {isa = PBXFileReference; fileEncoding = 4; lastKnownFileType = sourcecode.c.objc; path = "NSBezierPath+Additions.m"; sourceTree = "<group>"; };
		4F78B8CF1608ADE4006B0500 /* AppKit+Additions.h */ = {isa = PBXFileReference; fileEncoding = 4; lastKnownFileType = sourcecode.c.h; path = "AppKit+Additions.h"; sourceTree = "<group>"; };
		4F78B8D01608ADE4006B0500 /* NSError+HTTP.h */ = {isa = PBXFileReference; fileEncoding = 4; lastKnownFileType = sourcecode.c.h; path = "NSError+HTTP.h"; sourceTree = "<group>"; };
		4F78B8D11608ADE4006B0500 /* NSError+HTTP.m */ = {isa = PBXFileReference; fileEncoding = 4; lastKnownFileType = sourcecode.c.objc; path = "NSError+HTTP.m"; sourceTree = "<group>"; };
		4F78B8D21608ADE4006B0500 /* NSGradient+Additions.h */ = {isa = PBXFileReference; fileEncoding = 4; lastKnownFileType = sourcecode.c.h; path = "NSGradient+Additions.h"; sourceTree = "<group>"; };
		4F78B8D31608ADE4006B0500 /* NSGradient+Additions.m */ = {isa = PBXFileReference; fileEncoding = 4; lastKnownFileType = sourcecode.c.objc; path = "NSGradient+Additions.m"; sourceTree = "<group>"; };
		4F78B8D41608ADE4006B0500 /* NSGraphicsContext+Additions.h */ = {isa = PBXFileReference; fileEncoding = 4; lastKnownFileType = sourcecode.c.h; path = "NSGraphicsContext+Additions.h"; sourceTree = "<group>"; };
		4F78B8D51608ADE4006B0500 /* NSGraphicsContext+Additions.m */ = {isa = PBXFileReference; fileEncoding = 4; lastKnownFileType = sourcecode.c.objc; path = "NSGraphicsContext+Additions.m"; sourceTree = "<group>"; };
		4F78B8D61608ADE4006B0500 /* NSImage+Additions.h */ = {isa = PBXFileReference; fileEncoding = 4; lastKnownFileType = sourcecode.c.h; path = "NSImage+Additions.h"; sourceTree = "<group>"; };
		4F78B8D71608ADE4006B0500 /* NSImage+Additions.m */ = {isa = PBXFileReference; fileEncoding = 4; lastKnownFileType = sourcecode.c.objc; path = "NSImage+Additions.m"; sourceTree = "<group>"; };
		4F78B8D81608ADE4006B0500 /* NSShadow+Additions.h */ = {isa = PBXFileReference; fileEncoding = 4; lastKnownFileType = sourcecode.c.h; path = "NSShadow+Additions.h"; sourceTree = "<group>"; };
		4F78B8D91608ADE4006B0500 /* NSShadow+Additions.m */ = {isa = PBXFileReference; fileEncoding = 4; lastKnownFileType = sourcecode.c.objc; path = "NSShadow+Additions.m"; sourceTree = "<group>"; };
		4F78B8DA1608ADE4006B0500 /* HMCoding.h */ = {isa = PBXFileReference; fileEncoding = 4; lastKnownFileType = sourcecode.c.h; path = HMCoding.h; sourceTree = "<group>"; };
		4F78B8DB1608ADE4006B0500 /* HMCoding.m */ = {isa = PBXFileReference; fileEncoding = 4; lastKnownFileType = sourcecode.c.objc; path = HMCoding.m; sourceTree = "<group>"; };
		4F78B8E21608C585006B0500 /* NVSwitchView.h */ = {isa = PBXFileReference; fileEncoding = 4; lastKnownFileType = sourcecode.c.h; path = NVSwitchView.h; sourceTree = "<group>"; };
		4F78B8E31608C585006B0500 /* NVSwitchView.m */ = {isa = PBXFileReference; fileEncoding = 4; lastKnownFileType = sourcecode.c.objc; path = NVSwitchView.m; sourceTree = "<group>"; };
		4FA5A06A1763633D00196CDF /* AddButton.png */ = {isa = PBXFileReference; lastKnownFileType = image.png; path = AddButton.png; sourceTree = "<group>"; };
		4FA5A06B1763633D00196CDF /* AddButton@2x.png */ = {isa = PBXFileReference; lastKnownFileType = image.png; path = "AddButton@2x.png"; sourceTree = "<group>"; };
		4FA5A06C1763633D00196CDF /* AddButtonPushed.png */ = {isa = PBXFileReference; lastKnownFileType = image.png; path = AddButtonPushed.png; sourceTree = "<group>"; };
		4FA5A06D1763633D00196CDF /* AddButtonPushed@2x.png */ = {isa = PBXFileReference; lastKnownFileType = image.png; path = "AddButtonPushed@2x.png"; sourceTree = "<group>"; };
		4FA5A06E1763633D00196CDF /* BlueButton.png */ = {isa = PBXFileReference; lastKnownFileType = image.png; path = BlueButton.png; sourceTree = "<group>"; };
		4FA5A06F1763633D00196CDF /* BlueButton@2x.png */ = {isa = PBXFileReference; lastKnownFileType = image.png; path = "BlueButton@2x.png"; sourceTree = "<group>"; };
		4FA5A0701763633D00196CDF /* BlueButtonPushed.png */ = {isa = PBXFileReference; lastKnownFileType = image.png; path = BlueButtonPushed.png; sourceTree = "<group>"; };
		4FA5A0711763633D00196CDF /* BlueButtonPushed@2x.png */ = {isa = PBXFileReference; lastKnownFileType = image.png; path = "BlueButtonPushed@2x.png"; sourceTree = "<group>"; };
		4FA5A0721763633D00196CDF /* ButtonAdd.png */ = {isa = PBXFileReference; lastKnownFileType = image.png; path = ButtonAdd.png; sourceTree = "<group>"; };
		4FA5A0731763633D00196CDF /* ButtonAdd@2x.png */ = {isa = PBXFileReference; lastKnownFileType = image.png; path = "ButtonAdd@2x.png"; sourceTree = "<group>"; };
		4FA5A0741763633D00196CDF /* ButtonAddPushed.png */ = {isa = PBXFileReference; lastKnownFileType = image.png; path = ButtonAddPushed.png; sourceTree = "<group>"; };
		4FA5A0751763633D00196CDF /* ButtonAddPushed@2x.png */ = {isa = PBXFileReference; lastKnownFileType = image.png; path = "ButtonAddPushed@2x.png"; sourceTree = "<group>"; };
		4FA5A0761763633D00196CDF /* Delete.png */ = {isa = PBXFileReference; lastKnownFileType = image.png; path = Delete.png; sourceTree = "<group>"; };
		4FA5A0771763633D00196CDF /* Delete@2x.png */ = {isa = PBXFileReference; lastKnownFileType = image.png; path = "Delete@2x.png"; sourceTree = "<group>"; };
		4FA5A0781763633D00196CDF /* DeleteButton.png */ = {isa = PBXFileReference; lastKnownFileType = image.png; path = DeleteButton.png; sourceTree = "<group>"; };
		4FA5A0791763633D00196CDF /* DeleteButton@2x.png */ = {isa = PBXFileReference; lastKnownFileType = image.png; path = "DeleteButton@2x.png"; sourceTree = "<group>"; };
		4FA5A07A1763633D00196CDF /* DeleteButtonPushed.png */ = {isa = PBXFileReference; lastKnownFileType = image.png; path = DeleteButtonPushed.png; sourceTree = "<group>"; };
		4FA5A07B1763633D00196CDF /* DeleteButtonPushed@2x.png */ = {isa = PBXFileReference; lastKnownFileType = image.png; path = "DeleteButtonPushed@2x.png"; sourceTree = "<group>"; };
		4FA5A07C1763633D00196CDF /* DeleteHover.png */ = {isa = PBXFileReference; lastKnownFileType = image.png; path = DeleteHover.png; sourceTree = "<group>"; };
		4FA5A07D1763633D00196CDF /* DeleteHover@2x.png */ = {isa = PBXFileReference; lastKnownFileType = image.png; path = "DeleteHover@2x.png"; sourceTree = "<group>"; };
		4FA5A07E1763633D00196CDF /* DeletePushed.png */ = {isa = PBXFileReference; lastKnownFileType = image.png; path = DeletePushed.png; sourceTree = "<group>"; };
		4FA5A07F1763633D00196CDF /* DeletePushed@2x.png */ = {isa = PBXFileReference; lastKnownFileType = image.png; path = "DeletePushed@2x.png"; sourceTree = "<group>"; };
		4FA5A0801763633D00196CDF /* HammerHeader.png */ = {isa = PBXFileReference; lastKnownFileType = image.png; path = HammerHeader.png; sourceTree = "<group>"; };
		4FA5A0811763633D00196CDF /* HammerHeader@2x.png */ = {isa = PBXFileReference; lastKnownFileType = image.png; path = "HammerHeader@2x.png"; sourceTree = "<group>"; };
		4FA5A0821763633D00196CDF /* MenubarIcon.png */ = {isa = PBXFileReference; lastKnownFileType = image.png; path = MenubarIcon.png; sourceTree = "<group>"; };
		4FA5A0831763633D00196CDF /* MenubarIcon@2x.png */ = {isa = PBXFileReference; lastKnownFileType = image.png; path = "MenubarIcon@2x.png"; sourceTree = "<group>"; };
		4FA5A0841763633D00196CDF /* MenubarIconAlt.png */ = {isa = PBXFileReference; lastKnownFileType = image.png; path = MenubarIconAlt.png; sourceTree = "<group>"; };
		4FA5A0851763633D00196CDF /* MenubarIconAlt@2x.png */ = {isa = PBXFileReference; lastKnownFileType = image.png; path = "MenubarIconAlt@2x.png"; sourceTree = "<group>"; };
		4FA5A0861763633D00196CDF /* MenubarIconGlow.png */ = {isa = PBXFileReference; lastKnownFileType = image.png; path = MenubarIconGlow.png; sourceTree = "<group>"; };
		4FA5A0871763633D00196CDF /* MenubarIconGlow@2x.png */ = {isa = PBXFileReference; lastKnownFileType = image.png; path = "MenubarIconGlow@2x.png"; sourceTree = "<group>"; };
		4FA5A0881763633D00196CDF /* Restart.png */ = {isa = PBXFileReference; lastKnownFileType = image.png; path = Restart.png; sourceTree = "<group>"; };
		4FA5A0891763633D00196CDF /* Restart@2x.png */ = {isa = PBXFileReference; lastKnownFileType = image.png; path = "Restart@2x.png"; sourceTree = "<group>"; };
		4FA5A08A1763633D00196CDF /* RestartHover.png */ = {isa = PBXFileReference; lastKnownFileType = image.png; path = RestartHover.png; sourceTree = "<group>"; };
		4FA5A08B1763633D00196CDF /* RestartHover@2x.png */ = {isa = PBXFileReference; lastKnownFileType = image.png; path = "RestartHover@2x.png"; sourceTree = "<group>"; };
		4FA5A08C1763633D00196CDF /* RestartPushed.png */ = {isa = PBXFileReference; lastKnownFileType = image.png; path = RestartPushed.png; sourceTree = "<group>"; };
		4FA5A08D1763633D00196CDF /* RestartPushed@2x.png */ = {isa = PBXFileReference; lastKnownFileType = image.png; path = "RestartPushed@2x.png"; sourceTree = "<group>"; };
		4FA5A08E1763633D00196CDF /* SettingsButton.png */ = {isa = PBXFileReference; lastKnownFileType = image.png; path = SettingsButton.png; sourceTree = "<group>"; };
		4FA5A08F1763633D00196CDF /* SettingsButton@2x.png */ = {isa = PBXFileReference; lastKnownFileType = image.png; path = "SettingsButton@2x.png"; sourceTree = "<group>"; };
		4FA5A0901763633D00196CDF /* SettingsButtonPushed.png */ = {isa = PBXFileReference; lastKnownFileType = image.png; path = SettingsButtonPushed.png; sourceTree = "<group>"; };
		4FA5A0911763633D00196CDF /* SettingsButtonPushed@2x.png */ = {isa = PBXFileReference; lastKnownFileType = image.png; path = "SettingsButtonPushed@2x.png"; sourceTree = "<group>"; };
		4FA5A0921763633D00196CDF /* Switch.png */ = {isa = PBXFileReference; lastKnownFileType = image.png; path = Switch.png; sourceTree = "<group>"; };
		4FA5A0931763633D00196CDF /* Switch@2x.png */ = {isa = PBXFileReference; lastKnownFileType = image.png; path = "Switch@2x.png"; sourceTree = "<group>"; };
		4FA5A0941763633D00196CDF /* SwitchActive.png */ = {isa = PBXFileReference; lastKnownFileType = image.png; path = SwitchActive.png; sourceTree = "<group>"; };
		4FA5A0951763633D00196CDF /* SwitchActive@2x.png */ = {isa = PBXFileReference; lastKnownFileType = image.png; path = "SwitchActive@2x.png"; sourceTree = "<group>"; };
		4FA5A0961763633D00196CDF /* SwitchInactive.png */ = {isa = PBXFileReference; lastKnownFileType = image.png; path = SwitchInactive.png; sourceTree = "<group>"; };
		4FA5A0971763633D00196CDF /* SwitchInactive@2x.png */ = {isa = PBXFileReference; lastKnownFileType = image.png; path = "SwitchInactive@2x.png"; sourceTree = "<group>"; };
		4FA5A0981763633D00196CDF /* Titlebar.png */ = {isa = PBXFileReference; lastKnownFileType = image.png; path = Titlebar.png; sourceTree = "<group>"; };
		4FA5A0991763633D00196CDF /* Titlebar@2x.png */ = {isa = PBXFileReference; lastKnownFileType = image.png; path = "Titlebar@2x.png"; sourceTree = "<group>"; };
		4FA5A09A1763633D00196CDF /* TitlebarPoint.png */ = {isa = PBXFileReference; lastKnownFileType = image.png; path = TitlebarPoint.png; sourceTree = "<group>"; };
		4FA5A09B1763633D00196CDF /* TitlebarPoint@2x.png */ = {isa = PBXFileReference; lastKnownFileType = image.png; path = "TitlebarPoint@2x.png"; sourceTree = "<group>"; };
		4FA5A0CF17636A3D00196CDF /* NSButton+NSButton_Extensions.h */ = {isa = PBXFileReference; fileEncoding = 4; lastKnownFileType = sourcecode.c.h; path = "NSButton+NSButton_Extensions.h"; sourceTree = "<group>"; };
		4FA5A0D017636A3D00196CDF /* NSButton+NSButton_Extensions.m */ = {isa = PBXFileReference; fileEncoding = 4; lastKnownFileType = sourcecode.c.objc; path = "NSButton+NSButton_Extensions.m"; sourceTree = "<group>"; };
		4FA7B8601767706F009B0BBF /* RowBackgroundPushed.png */ = {isa = PBXFileReference; lastKnownFileType = image.png; path = RowBackgroundPushed.png; sourceTree = "<group>"; };
		4FA7B8611767706F009B0BBF /* RowBackgroundPushed@2x.png */ = {isa = PBXFileReference; lastKnownFileType = image.png; path = "RowBackgroundPushed@2x.png"; sourceTree = "<group>"; };
		4FAB52721611D78400BD03F8 /* QuartzCore.framework */ = {isa = PBXFileReference; lastKnownFileType = wrapper.framework; name = QuartzCore.framework; path = System/Library/Frameworks/QuartzCore.framework; sourceTree = SDKROOT; };
		4FB35C451740113600107F30 /* NVGroupHeaderTableRowView.h */ = {isa = PBXFileReference; fileEncoding = 4; lastKnownFileType = sourcecode.c.h; path = NVGroupHeaderTableRowView.h; sourceTree = "<group>"; };
		4FB35C461740113600107F30 /* NVGroupHeaderTableRowView.m */ = {isa = PBXFileReference; fileEncoding = 4; lastKnownFileType = sourcecode.c.objc; path = NVGroupHeaderTableRowView.m; sourceTree = "<group>"; };
		4FB9E80B1605FEBE005B50A4 /* NVApp.h */ = {isa = PBXFileReference; fileEncoding = 4; lastKnownFileType = sourcecode.c.h; path = NVApp.h; sourceTree = "<group>"; };
		4FB9E80C1605FEBE005B50A4 /* NVApp.m */ = {isa = PBXFileReference; fileEncoding = 4; lastKnownFileType = sourcecode.c.objc; path = NVApp.m; sourceTree = "<group>"; };
		4FB9E81016061096005B50A4 /* NVTableRowView.h */ = {isa = PBXFileReference; fileEncoding = 4; lastKnownFileType = sourcecode.c.h; path = NVTableRowView.h; sourceTree = "<group>"; };
		4FB9E81116061096005B50A4 /* NVTableRowView.m */ = {isa = PBXFileReference; fileEncoding = 4; lastKnownFileType = sourcecode.c.objc; path = NVTableRowView.m; sourceTree = "<group>"; };
		4FB9E813160610A1005B50A4 /* NVTableCellView.h */ = {isa = PBXFileReference; fileEncoding = 4; lastKnownFileType = sourcecode.c.h; path = NVTableCellView.h; sourceTree = "<group>"; };
		4FB9E814160610A1005B50A4 /* NVTableCellView.m */ = {isa = PBXFileReference; fileEncoding = 4; lastKnownFileType = sourcecode.c.objc; path = NVTableCellView.m; sourceTree = "<group>"; };
		4FBABB041613442200D4174B /* Sparkle.framework */ = {isa = PBXFileReference; lastKnownFileType = wrapper.framework; path = Sparkle.framework; sourceTree = "<group>"; };
		4FBABB09161344D600D4174B /* dsa_pub.pem */ = {isa = PBXFileReference; fileEncoding = 4; lastKnownFileType = text; path = dsa_pub.pem; sourceTree = "<group>"; };
		4FBFA35615C6F85800BA8209 /* Anvil.app */ = {isa = PBXFileReference; explicitFileType = wrapper.application; includeInIndex = 0; path = Anvil.app; sourceTree = BUILT_PRODUCTS_DIR; };
		4FBFA35A15C6F85800BA8209 /* Cocoa.framework */ = {isa = PBXFileReference; lastKnownFileType = wrapper.framework; name = Cocoa.framework; path = System/Library/Frameworks/Cocoa.framework; sourceTree = SDKROOT; };
		4FBFA35D15C6F85800BA8209 /* AppKit.framework */ = {isa = PBXFileReference; lastKnownFileType = wrapper.framework; name = AppKit.framework; path = System/Library/Frameworks/AppKit.framework; sourceTree = SDKROOT; };
		4FBFA35E15C6F85800BA8209 /* CoreData.framework */ = {isa = PBXFileReference; lastKnownFileType = wrapper.framework; name = CoreData.framework; path = System/Library/Frameworks/CoreData.framework; sourceTree = SDKROOT; };
		4FBFA35F15C6F85800BA8209 /* Foundation.framework */ = {isa = PBXFileReference; lastKnownFileType = wrapper.framework; name = Foundation.framework; path = System/Library/Frameworks/Foundation.framework; sourceTree = SDKROOT; };
		4FBFA36215C6F85800BA8209 /* Anvil-Info.plist */ = {isa = PBXFileReference; lastKnownFileType = text.plist.xml; path = "Anvil-Info.plist"; sourceTree = "<group>"; };
		4FBFA36415C6F85800BA8209 /* en */ = {isa = PBXFileReference; lastKnownFileType = text.plist.strings; name = en; path = en.lproj/InfoPlist.strings; sourceTree = "<group>"; };
		4FBFA36615C6F85800BA8209 /* main.m */ = {isa = PBXFileReference; lastKnownFileType = sourcecode.c.objc; path = main.m; sourceTree = "<group>"; };
		4FBFA36815C6F85800BA8209 /* Anvil-Prefix.pch */ = {isa = PBXFileReference; lastKnownFileType = sourcecode.c.h; path = "Anvil-Prefix.pch"; sourceTree = "<group>"; };
		4FBFA36A15C6F85800BA8209 /* en */ = {isa = PBXFileReference; lastKnownFileType = text.rtf; name = en; path = en.lproj/Credits.rtf; sourceTree = "<group>"; };
		4FBFA36C15C6F85800BA8209 /* NVAppDelegate.h */ = {isa = PBXFileReference; lastKnownFileType = sourcecode.c.h; path = NVAppDelegate.h; sourceTree = "<group>"; };
		4FBFA36D15C6F85800BA8209 /* NVAppDelegate.m */ = {isa = PBXFileReference; lastKnownFileType = sourcecode.c.objc; path = NVAppDelegate.m; sourceTree = "<group>"; };
		4FBFA37015C6F85800BA8209 /* en */ = {isa = PBXFileReference; lastKnownFileType = file.xib; name = en; path = en.lproj/MainMenu.xib; sourceTree = "<group>"; };
		4FBFA37E15C6F8D500BA8209 /* NVMenubarController.h */ = {isa = PBXFileReference; fileEncoding = 4; lastKnownFileType = sourcecode.c.h; path = NVMenubarController.h; sourceTree = "<group>"; };
		4FBFA37F15C6F8D500BA8209 /* NVMenubarController.m */ = {isa = PBXFileReference; fileEncoding = 4; lastKnownFileType = sourcecode.c.objc; path = NVMenubarController.m; sourceTree = "<group>"; };
		4FBFA38115C6F94900BA8209 /* NVPanelController.h */ = {isa = PBXFileReference; fileEncoding = 4; lastKnownFileType = sourcecode.c.h; path = NVPanelController.h; sourceTree = "<group>"; };
		4FBFA38215C6F94900BA8209 /* NVPanelController.m */ = {isa = PBXFileReference; fileEncoding = 4; lastKnownFileType = sourcecode.c.objc; path = NVPanelController.m; sourceTree = "<group>"; };
		4FBFA38815C6F9F400BA8209 /* NVStatusItemView.h */ = {isa = PBXFileReference; fileEncoding = 4; lastKnownFileType = sourcecode.c.h; path = NVStatusItemView.h; sourceTree = "<group>"; };
		4FBFA38915C6F9F400BA8209 /* NVStatusItemView.m */ = {isa = PBXFileReference; fileEncoding = 4; lastKnownFileType = sourcecode.c.objc; path = NVStatusItemView.m; sourceTree = "<group>"; };
		4FBFA38B15C6FA7E00BA8209 /* NVBackgroundView.h */ = {isa = PBXFileReference; fileEncoding = 4; lastKnownFileType = sourcecode.c.h; path = NVBackgroundView.h; sourceTree = "<group>"; };
		4FBFA38C15C6FA7E00BA8209 /* NVBackgroundView.m */ = {isa = PBXFileReference; fileEncoding = 4; lastKnownFileType = sourcecode.c.objc; path = NVBackgroundView.m; sourceTree = "<group>"; };
		4FBFA39615C6FE7E00BA8209 /* NVPanel.h */ = {isa = PBXFileReference; fileEncoding = 4; lastKnownFileType = sourcecode.c.h; path = NVPanel.h; sourceTree = "<group>"; };
		4FBFA39715C6FE7F00BA8209 /* NVPanel.m */ = {isa = PBXFileReference; fileEncoding = 4; lastKnownFileType = sourcecode.c.objc; path = NVPanel.m; sourceTree = "<group>"; };
		4FBFA39915C7006A00BA8209 /* Panel.xib */ = {isa = PBXFileReference; fileEncoding = 4; lastKnownFileType = file.xib; path = Panel.xib; sourceTree = "<group>"; };
		4FBFA3A315C7EE4F00BA8209 /* NVSiteTableView.h */ = {isa = PBXFileReference; fileEncoding = 4; lastKnownFileType = sourcecode.c.h; path = NVSiteTableView.h; sourceTree = "<group>"; };
		4FBFA3A415C7EE4F00BA8209 /* NVSiteTableView.m */ = {isa = PBXFileReference; fileEncoding = 4; lastKnownFileType = sourcecode.c.objc; path = NVSiteTableView.m; sourceTree = "<group>"; };
		4FBFA3B015C7F0DE00BA8209 /* NVSiteTableController.h */ = {isa = PBXFileReference; fileEncoding = 4; lastKnownFileType = sourcecode.c.h; path = NVSiteTableController.h; sourceTree = "<group>"; };
		4FBFA3B115C7F0DE00BA8209 /* NVSiteTableController.m */ = {isa = PBXFileReference; fileEncoding = 4; lastKnownFileType = sourcecode.c.objc; path = NVSiteTableController.m; sourceTree = "<group>"; };
		4FBFA3B415C7F16300BA8209 /* NVLayeredImageView.h */ = {isa = PBXFileReference; fileEncoding = 4; lastKnownFileType = sourcecode.c.h; path = NVLayeredImageView.h; sourceTree = "<group>"; };
		4FBFA3B515C7F16300BA8209 /* NVLayeredImageView.m */ = {isa = PBXFileReference; fileEncoding = 4; lastKnownFileType = sourcecode.c.objc; path = NVLayeredImageView.m; sourceTree = "<group>"; };
		4FBFA3B715C7F49200BA8209 /* NVDataSource.h */ = {isa = PBXFileReference; fileEncoding = 4; lastKnownFileType = sourcecode.c.h; path = NVDataSource.h; sourceTree = "<group>"; };
		4FBFA3B815C7F49200BA8209 /* NVDataSource.m */ = {isa = PBXFileReference; fileEncoding = 4; lastKnownFileType = sourcecode.c.objc; path = NVDataSource.m; sourceTree = "<group>"; };
		4FCABA72166A655B00A30B3E /* Anvil.entitlements */ = {isa = PBXFileReference; lastKnownFileType = text.xml; path = Anvil.entitlements; sourceTree = "<group>"; };
		4FCEDE9316159EA600122B18 /* CustomLoadingSpinner.h */ = {isa = PBXFileReference; fileEncoding = 4; lastKnownFileType = sourcecode.c.h; path = CustomLoadingSpinner.h; sourceTree = "<group>"; };
		4FCEDE9416159EA600122B18 /* CustomLoadingSpinner.m */ = {isa = PBXFileReference; fileEncoding = 4; lastKnownFileType = sourcecode.c.objc; path = CustomLoadingSpinner.m; sourceTree = "<group>"; };
		4FCEDE971615B7F700122B18 /* NVSpinnerButton.h */ = {isa = PBXFileReference; fileEncoding = 4; lastKnownFileType = sourcecode.c.h; path = NVSpinnerButton.h; sourceTree = "<group>"; };
		4FCEDE981615B7F700122B18 /* NVSpinnerButton.m */ = {isa = PBXFileReference; fileEncoding = 4; lastKnownFileType = sourcecode.c.objc; path = NVSpinnerButton.m; sourceTree = "<group>"; };
		4FD8D2F9176A72EF00D33EE8 /* LaunchAtLoginController.h */ = {isa = PBXFileReference; fileEncoding = 4; lastKnownFileType = sourcecode.c.h; path = LaunchAtLoginController.h; sourceTree = "<group>"; };
		4FD8D2FA176A72EF00D33EE8 /* LaunchAtLoginController.m */ = {isa = PBXFileReference; fileEncoding = 4; lastKnownFileType = sourcecode.c.objc; path = LaunchAtLoginController.m; sourceTree = "<group>"; };
/* End PBXFileReference section */

/* Begin PBXFrameworksBuildPhase section */
		4FBFA35315C6F85800BA8209 /* Frameworks */ = {
			isa = PBXFrameworksBuildPhase;
			buildActionMask = 2147483647;
			files = (
				4FAB52731611D78400BD03F8 /* QuartzCore.framework in Frameworks */,
				4FBFA35B15C6F85800BA8209 /* Cocoa.framework in Frameworks */,
				4FBABB051613442200D4174B /* Sparkle.framework in Frameworks */,
			);
			runOnlyForDeploymentPostprocessing = 0;
		};
/* End PBXFrameworksBuildPhase section */

/* Begin PBXGroup section */
		4F0B716016234A82007246F9 /* 404 */ = {
			isa = PBXGroup;
			children = (
				4F0B716116234A82007246F9 /* index.html */,
			);
			path = 404;
			sourceTree = "<group>";
		};
		4F38B81C16CC47700004C0F5 /* Libraries */ = {
			isa = PBXGroup;
			children = (
				4FD8D2F9176A72EF00D33EE8 /* LaunchAtLoginController.h */,
				4FD8D2FA176A72EF00D33EE8 /* LaunchAtLoginController.m */,
				4FA5A0CE17636A3D00196CDF /* NSButton+Extras */,
			);
			name = Libraries;
			sourceTree = "<group>";
		};
		4F78B8961608AD3F006B0500 /* NVStyledView */ = {
			isa = PBXGroup;
			children = (
				4F78B8921608AD17006B0500 /* NVStyledView.h */,
				4F78B8931608AD17006B0500 /* NVStyledView.m */,
			);
			name = NVStyledView;
			sourceTree = "<group>";
		};
		4F78B8CB1608ADC0006B0500 /* Categories */ = {
			isa = PBXGroup;
			children = (
				4F0DA4B81609CED500D21ABE /* BFImage.m */,
				4F0DA4B91609CED500D21ABE /* BFImage.h */,
				4F78B8CF1608ADE4006B0500 /* AppKit+Additions.h */,
				4F78B8D01608ADE4006B0500 /* NSError+HTTP.h */,
				4F78B8D11608ADE4006B0500 /* NSError+HTTP.m */,
				4F78B8D21608ADE4006B0500 /* NSGradient+Additions.h */,
				4F78B8D31608ADE4006B0500 /* NSGradient+Additions.m */,
				4F78B8D41608ADE4006B0500 /* NSGraphicsContext+Additions.h */,
				4F78B8D51608ADE4006B0500 /* NSGraphicsContext+Additions.m */,
				4F78B8D61608ADE4006B0500 /* NSImage+Additions.h */,
				4F78B8D71608ADE4006B0500 /* NSImage+Additions.m */,
				4F78B8D81608ADE4006B0500 /* NSShadow+Additions.h */,
				4F78B8D91608ADE4006B0500 /* NSShadow+Additions.m */,
				4F78B8DA1608ADE4006B0500 /* HMCoding.h */,
				4F78B8DB1608ADE4006B0500 /* HMCoding.m */,
				4F78B8CC1608ADCD006B0500 /* NSBezierPath+Additions.h */,
				4F78B8CD1608ADCD006B0500 /* NSBezierPath+Additions.m */,
			);
			name = Categories;
			sourceTree = "<group>";
		};
		4F78B8E51608C588006B0500 /* NVSwitchView */ = {
			isa = PBXGroup;
			children = (
				4F78B8E21608C585006B0500 /* NVSwitchView.h */,
				4F78B8E31608C585006B0500 /* NVSwitchView.m */,
			);
			name = NVSwitchView;
			sourceTree = "<group>";
		};
		4FA5A0691763633D00196CDF /* images */ = {
			isa = PBXGroup;
			children = (
				4F723F991768D547004C5990 /* Footer.png */,
				4F723F9A1768D547004C5990 /* Footer@2x.png */,
				4FA7B8601767706F009B0BBF /* RowBackgroundPushed.png */,
				4FA7B8611767706F009B0BBF /* RowBackgroundPushed@2x.png */,
				4FA5A06A1763633D00196CDF /* AddButton.png */,
				4FA5A06B1763633D00196CDF /* AddButton@2x.png */,
				4FA5A06C1763633D00196CDF /* AddButtonPushed.png */,
				4FA5A06D1763633D00196CDF /* AddButtonPushed@2x.png */,
				4FA5A06E1763633D00196CDF /* BlueButton.png */,
				4FA5A06F1763633D00196CDF /* BlueButton@2x.png */,
				4FA5A0701763633D00196CDF /* BlueButtonPushed.png */,
				4FA5A0711763633D00196CDF /* BlueButtonPushed@2x.png */,
				4FA5A0721763633D00196CDF /* ButtonAdd.png */,
				4FA5A0731763633D00196CDF /* ButtonAdd@2x.png */,
				4FA5A0741763633D00196CDF /* ButtonAddPushed.png */,
				4FA5A0751763633D00196CDF /* ButtonAddPushed@2x.png */,
				4FA5A0761763633D00196CDF /* Delete.png */,
				4FA5A0771763633D00196CDF /* Delete@2x.png */,
				4FA5A0781763633D00196CDF /* DeleteButton.png */,
				4FA5A0791763633D00196CDF /* DeleteButton@2x.png */,
				4FA5A07A1763633D00196CDF /* DeleteButtonPushed.png */,
				4FA5A07B1763633D00196CDF /* DeleteButtonPushed@2x.png */,
				4FA5A07C1763633D00196CDF /* DeleteHover.png */,
				4FA5A07D1763633D00196CDF /* DeleteHover@2x.png */,
				4FA5A07E1763633D00196CDF /* DeletePushed.png */,
				4FA5A07F1763633D00196CDF /* DeletePushed@2x.png */,
				4FA5A0801763633D00196CDF /* HammerHeader.png */,
				4FA5A0811763633D00196CDF /* HammerHeader@2x.png */,
				4FA5A0821763633D00196CDF /* MenubarIcon.png */,
				4FA5A0831763633D00196CDF /* MenubarIcon@2x.png */,
				4FA5A0841763633D00196CDF /* MenubarIconAlt.png */,
				4FA5A0851763633D00196CDF /* MenubarIconAlt@2x.png */,
				4FA5A0861763633D00196CDF /* MenubarIconGlow.png */,
				4FA5A0871763633D00196CDF /* MenubarIconGlow@2x.png */,
				4FA5A0881763633D00196CDF /* Restart.png */,
				4FA5A0891763633D00196CDF /* Restart@2x.png */,
				4FA5A08A1763633D00196CDF /* RestartHover.png */,
				4FA5A08B1763633D00196CDF /* RestartHover@2x.png */,
				4FA5A08C1763633D00196CDF /* RestartPushed.png */,
				4FA5A08D1763633D00196CDF /* RestartPushed@2x.png */,
				4FA5A08E1763633D00196CDF /* SettingsButton.png */,
				4FA5A08F1763633D00196CDF /* SettingsButton@2x.png */,
				4FA5A0901763633D00196CDF /* SettingsButtonPushed.png */,
				4FA5A0911763633D00196CDF /* SettingsButtonPushed@2x.png */,
				4FA5A0921763633D00196CDF /* Switch.png */,
				4FA5A0931763633D00196CDF /* Switch@2x.png */,
				4FA5A0941763633D00196CDF /* SwitchActive.png */,
				4FA5A0951763633D00196CDF /* SwitchActive@2x.png */,
				4FA5A0961763633D00196CDF /* SwitchInactive.png */,
				4FA5A0971763633D00196CDF /* SwitchInactive@2x.png */,
				4FA5A0981763633D00196CDF /* Titlebar.png */,
				4FA5A0991763633D00196CDF /* Titlebar@2x.png */,
				4FA5A09A1763633D00196CDF /* TitlebarPoint.png */,
				4FA5A09B1763633D00196CDF /* TitlebarPoint@2x.png */,
			);
			path = images;
			sourceTree = "<group>";
		};
		4FA5A0CE17636A3D00196CDF /* NSButton+Extras */ = {
			isa = PBXGroup;
			children = (
				4FA5A0CF17636A3D00196CDF /* NSButton+NSButton_Extensions.h */,
				4FA5A0D017636A3D00196CDF /* NSButton+NSButton_Extensions.m */,
			);
			path = "NSButton+Extras";
			sourceTree = "<group>";
		};
		4FB35C441740111900107F30 /* NVGroupHeaderTableRow */ = {
			isa = PBXGroup;
			children = (
				4FB35C451740113600107F30 /* NVGroupHeaderTableRowView.h */,
				4FB35C461740113600107F30 /* NVGroupHeaderTableRowView.m */,
			);
			name = NVGroupHeaderTableRow;
			sourceTree = "<group>";
		};
		4FB9E80F1605FEC2005B50A4 /* Model */ = {
			isa = PBXGroup;
			children = (
				4FB9E80B1605FEBE005B50A4 /* NVApp.h */,
				4FB9E80C1605FEBE005B50A4 /* NVApp.m */,
			);
			name = Model;
			sourceTree = "<group>";
		};
		4FB9E92516073894005B50A4 /* NVLabel */ = {
			isa = PBXGroup;
			children = (
				4F6DBFD9160626FA00D2F214 /* NVLabel.h */,
				4F6DBFDA160626FA00D2F214 /* NVLabel.m */,
			);
			name = NVLabel;
			sourceTree = "<group>";
		};
		4FB9E927160738A1005B50A4 /* NVTableRowView */ = {
			isa = PBXGroup;
			children = (
				4FB9E81016061096005B50A4 /* NVTableRowView.h */,
				4FB9E81116061096005B50A4 /* NVTableRowView.m */,
			);
			name = NVTableRowView;
			sourceTree = "<group>";
		};
		4FB9E929160738AC005B50A4 /* NVTableCellView */ = {
			isa = PBXGroup;
			children = (
				4FB9E813160610A1005B50A4 /* NVTableCellView.h */,
				4FB9E814160610A1005B50A4 /* NVTableCellView.m */,
			);
			name = NVTableCellView;
			sourceTree = "<group>";
		};
		4FBABB0B161344D900D4174B /* Resources */ = {
			isa = PBXGroup;
			children = (
				4FA5A0691763633D00196CDF /* images */,
				4F0B716016234A82007246F9 /* 404 */,
				4FBABB09161344D600D4174B /* dsa_pub.pem */,
			);
			name = Resources;
			sourceTree = "<group>";
		};
		4FBFA34B15C6F85800BA8209 = {
			isa = PBXGroup;
			children = (
				4F4AFFEC1778AACF0081BBD3 /* Anvil.icns */,
				4FAB52721611D78400BD03F8 /* QuartzCore.framework */,
				4FBFA36015C6F85800BA8209 /* Anvil */,
				4FBFA35915C6F85800BA8209 /* Frameworks */,
				4FBFA35715C6F85800BA8209 /* Products */,
			);
			sourceTree = "<group>";
		};
		4FBFA35715C6F85800BA8209 /* Products */ = {
			isa = PBXGroup;
			children = (
				4FBFA35615C6F85800BA8209 /* Anvil.app */,
			);
			name = Products;
			sourceTree = "<group>";
		};
		4FBFA35915C6F85800BA8209 /* Frameworks */ = {
			isa = PBXGroup;
			children = (
				4FBABB041613442200D4174B /* Sparkle.framework */,
				4FBFA35A15C6F85800BA8209 /* Cocoa.framework */,
				4FBFA35C15C6F85800BA8209 /* Other Frameworks */,
			);
			name = Frameworks;
			sourceTree = "<group>";
		};
		4FBFA35C15C6F85800BA8209 /* Other Frameworks */ = {
			isa = PBXGroup;
			children = (
				4FBFA35D15C6F85800BA8209 /* AppKit.framework */,
				4FBFA35E15C6F85800BA8209 /* CoreData.framework */,
				4FBFA35F15C6F85800BA8209 /* Foundation.framework */,
			);
			name = "Other Frameworks";
			sourceTree = "<group>";
		};
		4FBFA36015C6F85800BA8209 /* Anvil */ = {
			isa = PBXGroup;
			children = (
				4F38B81C16CC47700004C0F5 /* Libraries */,
				4FCABA72166A655B00A30B3E /* Anvil.entitlements */,
				4FB9E80F1605FEC2005B50A4 /* Model */,
				4FBABB0B161344D900D4174B /* Resources */,
				4F78B8CB1608ADC0006B0500 /* Categories */,
				4FBFA3BA15C7F49B00BA8209 /* DataSource */,
				4FBFA39F15C7ED4800BA8209 /* App Delegate */,
				4FBFA39E15C7ED3E00BA8209 /* Controllers */,
				4FBFA3A015C7ED5300BA8209 /* Views */,
				4FBFA39B15C7ED0F00BA8209 /* Nibs */,
				4FBFA36115C6F85800BA8209 /* Supporting Files */,
			);
			path = Anvil;
			sourceTree = "<group>";
		};
		4FBFA36115C6F85800BA8209 /* Supporting Files */ = {
			isa = PBXGroup;
			children = (
				4FBFA36215C6F85800BA8209 /* Anvil-Info.plist */,
				4FBFA36315C6F85800BA8209 /* InfoPlist.strings */,
				4FBFA36615C6F85800BA8209 /* main.m */,
				4FBFA36815C6F85800BA8209 /* Anvil-Prefix.pch */,
				4FBFA36915C6F85800BA8209 /* Credits.rtf */,
				4F107C671610CF0E00624611 /* InstallPow.sh */,
			);
			name = "Supporting Files";
			sourceTree = "<group>";
		};
		4FBFA39B15C7ED0F00BA8209 /* Nibs */ = {
			isa = PBXGroup;
			children = (
				4FBFA36F15C6F85800BA8209 /* MainMenu.xib */,
				4FBFA39915C7006A00BA8209 /* Panel.xib */,
			);
			name = Nibs;
			sourceTree = "<group>";
		};
		4FBFA39E15C7ED3E00BA8209 /* Controllers */ = {
			isa = PBXGroup;
			children = (
				4FBFA38115C6F94900BA8209 /* NVPanelController.h */,
				4FBFA38215C6F94900BA8209 /* NVPanelController.m */,
				4FBFA37E15C6F8D500BA8209 /* NVMenubarController.h */,
				4FBFA37F15C6F8D500BA8209 /* NVMenubarController.m */,
				4FBFA3B015C7F0DE00BA8209 /* NVSiteTableController.h */,
				4FBFA3B115C7F0DE00BA8209 /* NVSiteTableController.m */,
			);
			name = Controllers;
			sourceTree = "<group>";
		};
		4FBFA39F15C7ED4800BA8209 /* App Delegate */ = {
			isa = PBXGroup;
			children = (
				4FBFA36C15C6F85800BA8209 /* NVAppDelegate.h */,
				4FBFA36D15C6F85800BA8209 /* NVAppDelegate.m */,
			);
			name = "App Delegate";
			sourceTree = "<group>";
		};
		4FBFA3A015C7ED5300BA8209 /* Views */ = {
			isa = PBXGroup;
			children = (
				4FB35C441740111900107F30 /* NVGroupHeaderTableRow */,
				4FC8A0F8162587A000D335E0 /* CustomLoadingSpinner */,
				4FCEDE961615B7EA00122B18 /* NVSpinnerButton */,
				4FBFA3C115C7F50400BA8209 /* NVLayeredImageVivew */,
				4FBFA3BD15C7F4E300BA8209 /* NVPanel */,
				4FBFA3BE15C7F4F100BA8209 /* NVStatusItemView */,
				4FC8A0FB162587D200D335E0 /* NVTableView */,
				4FB9E92516073894005B50A4 /* NVLabel */,
				4F78B8961608AD3F006B0500 /* NVStyledView */,
				4F78B8E51608C588006B0500 /* NVSwitchView */,
				4FC8A0FD1625880600D335E0 /* NVPopupButtonCell */,
				4FC8A0FC162587FD00D335E0 /* NVStyledButton */,
				4F2CCA0E176384060010AB4B /* NVGroupHeaderTableCellView.h */,
				4F2CCA0F176384060010AB4B /* NVGroupHeaderTableCellView.m */,
			);
			name = Views;
			sourceTree = "<group>";
		};
		4FBFA3BA15C7F49B00BA8209 /* DataSource */ = {
			isa = PBXGroup;
			children = (
				4FBFA3B715C7F49200BA8209 /* NVDataSource.h */,
				4FBFA3B815C7F49200BA8209 /* NVDataSource.m */,
			);
			name = DataSource;
			sourceTree = "<group>";
		};
		4FBFA3BC15C7F4E100BA8209 /* NVBackgroundView */ = {
			isa = PBXGroup;
			children = (
				4FBFA38B15C6FA7E00BA8209 /* NVBackgroundView.h */,
				4FBFA38C15C6FA7E00BA8209 /* NVBackgroundView.m */,
			);
			name = NVBackgroundView;
			sourceTree = "<group>";
		};
		4FBFA3BD15C7F4E300BA8209 /* NVPanel */ = {
			isa = PBXGroup;
			children = (
				4FBFA3BC15C7F4E100BA8209 /* NVBackgroundView */,
				4FBFA39615C6FE7E00BA8209 /* NVPanel.h */,
				4FBFA39715C6FE7F00BA8209 /* NVPanel.m */,
			);
			name = NVPanel;
			sourceTree = "<group>";
		};
		4FBFA3BE15C7F4F100BA8209 /* NVStatusItemView */ = {
			isa = PBXGroup;
			children = (
				4FBFA38815C6F9F400BA8209 /* NVStatusItemView.h */,
				4FBFA38915C6F9F400BA8209 /* NVStatusItemView.m */,
			);
			name = NVStatusItemView;
			sourceTree = "<group>";
		};
		4FBFA3BF15C7F4F800BA8209 /* NVSiteTableView */ = {
			isa = PBXGroup;
			children = (
				4FBFA3A315C7EE4F00BA8209 /* NVSiteTableView.h */,
				4FBFA3A415C7EE4F00BA8209 /* NVSiteTableView.m */,
			);
			name = NVSiteTableView;
			sourceTree = "<group>";
		};
		4FBFA3C115C7F50400BA8209 /* NVLayeredImageVivew */ = {
			isa = PBXGroup;
			children = (
				4FBFA3B415C7F16300BA8209 /* NVLayeredImageView.h */,
				4FBFA3B515C7F16300BA8209 /* NVLayeredImageView.m */,
			);
			name = NVLayeredImageVivew;
			sourceTree = "<group>";
		};
		4FC8A0F8162587A000D335E0 /* CustomLoadingSpinner */ = {
			isa = PBXGroup;
			children = (
				4FCEDE9316159EA600122B18 /* CustomLoadingSpinner.h */,
				4FCEDE9416159EA600122B18 /* CustomLoadingSpinner.m */,
			);
			name = CustomLoadingSpinner;
			sourceTree = "<group>";
		};
		4FC8A0FB162587D200D335E0 /* NVTableView */ = {
			isa = PBXGroup;
			children = (
				4FBFA3BF15C7F4F800BA8209 /* NVSiteTableView */,
				4FB9E927160738A1005B50A4 /* NVTableRowView */,
				4FB9E929160738AC005B50A4 /* NVTableCellView */,
			);
			name = NVTableView;
			sourceTree = "<group>";
		};
		4FC8A0FC162587FD00D335E0 /* NVStyledButton */ = {
			isa = PBXGroup;
			children = (
				4F08AF9B1614885500D446C2 /* NVStyledButton.h */,
				4F08AF9C1614885500D446C2 /* NVStyledButton.m */,
			);
			name = NVStyledButton;
			sourceTree = "<group>";
		};
		4FC8A0FD1625880600D335E0 /* NVPopupButtonCell */ = {
			isa = PBXGroup;
			children = (
				4F361364160C9816008584A0 /* NVPopupButtonCell.h */,
				4F361365160C9816008584A0 /* NVPopupButtonCell.m */,
			);
			name = NVPopupButtonCell;
			sourceTree = "<group>";
		};
		4FCEDE961615B7EA00122B18 /* NVSpinnerButton */ = {
			isa = PBXGroup;
			children = (
				4FCEDE971615B7F700122B18 /* NVSpinnerButton.h */,
				4FCEDE981615B7F700122B18 /* NVSpinnerButton.m */,
			);
			name = NVSpinnerButton;
			sourceTree = "<group>";
		};
/* End PBXGroup section */

/* Begin PBXNativeTarget section */
		4FBFA35515C6F85800BA8209 /* Anvil */ = {
			isa = PBXNativeTarget;
			buildConfigurationList = 4FBFA37415C6F85800BA8209 /* Build configuration list for PBXNativeTarget "Anvil" */;
			buildPhases = (
				4FBFA35215C6F85800BA8209 /* Sources */,
				4FBFA35315C6F85800BA8209 /* Frameworks */,
				4FBFA35415C6F85800BA8209 /* Resources */,
				4FBABB071613443100D4174B /* CopyFiles */,
			);
			buildRules = (
			);
			dependencies = (
			);
			name = Anvil;
			productName = Anvil;
			productReference = 4FBFA35615C6F85800BA8209 /* Anvil.app */;
			productType = "com.apple.product-type.application";
		};
/* End PBXNativeTarget section */

/* Begin PBXProject section */
		4FBFA34D15C6F85800BA8209 /* Project object */ = {
			isa = PBXProject;
			attributes = {
				CLASSPREFIX = NV;
				LastUpgradeCheck = 0510;
				ORGANIZATIONNAME = Riot;
				TargetAttributes = {
					4FBFA35515C6F85800BA8209 = {
						DevelopmentTeam = RVSYWD2P7Y;
					};
				};
			};
			buildConfigurationList = 4FBFA35015C6F85800BA8209 /* Build configuration list for PBXProject "Anvil" */;
			compatibilityVersion = "Xcode 3.2";
			developmentRegion = English;
			hasScannedForEncodings = 0;
			knownRegions = (
				en,
			);
			mainGroup = 4FBFA34B15C6F85800BA8209;
			productRefGroup = 4FBFA35715C6F85800BA8209 /* Products */;
			projectDirPath = "";
			projectRoot = "";
			targets = (
				4FBFA35515C6F85800BA8209 /* Anvil */,
			);
		};
/* End PBXProject section */

/* Begin PBXResourcesBuildPhase section */
		4FBFA35415C6F85800BA8209 /* Resources */ = {
			isa = PBXResourcesBuildPhase;
			buildActionMask = 2147483647;
			files = (
				4FBFA36515C6F85800BA8209 /* InfoPlist.strings in Resources */,
				4FBFA36B15C6F85800BA8209 /* Credits.rtf in Resources */,
				4FBFA37115C6F85800BA8209 /* MainMenu.xib in Resources */,
				4FBFA39A15C7006A00BA8209 /* Panel.xib in Resources */,
				4F107C681610CF0E00624611 /* InstallPow.sh in Resources */,
				4FBABB0A161344D600D4174B /* dsa_pub.pem in Resources */,
				4F0B716216234A82007246F9 /* index.html in Resources */,
				4FA5A09C1763633D00196CDF /* AddButton.png in Resources */,
				4FA5A09D1763633D00196CDF /* AddButton@2x.png in Resources */,
				4FA5A09E1763633D00196CDF /* AddButtonPushed.png in Resources */,
				4FA5A09F1763633D00196CDF /* AddButtonPushed@2x.png in Resources */,
				4FA5A0A01763633D00196CDF /* BlueButton.png in Resources */,
				4FA5A0A11763633D00196CDF /* BlueButton@2x.png in Resources */,
				4FA5A0A21763633D00196CDF /* BlueButtonPushed.png in Resources */,
				4FA5A0A31763633D00196CDF /* BlueButtonPushed@2x.png in Resources */,
				4FA5A0A41763633D00196CDF /* ButtonAdd.png in Resources */,
				4FA5A0A51763633D00196CDF /* ButtonAdd@2x.png in Resources */,
				4FA5A0A61763633D00196CDF /* ButtonAddPushed.png in Resources */,
				4FA5A0A71763633D00196CDF /* ButtonAddPushed@2x.png in Resources */,
				4F4AFFED1778AACF0081BBD3 /* Anvil.icns in Resources */,
				4FA5A0A81763633D00196CDF /* Delete.png in Resources */,
				4FA5A0A91763633D00196CDF /* Delete@2x.png in Resources */,
				4FA5A0AA1763633D00196CDF /* DeleteButton.png in Resources */,
				4FA5A0AB1763633D00196CDF /* DeleteButton@2x.png in Resources */,
				4FA5A0AC1763633D00196CDF /* DeleteButtonPushed.png in Resources */,
				4FA5A0AD1763633D00196CDF /* DeleteButtonPushed@2x.png in Resources */,
				4FA5A0AE1763633D00196CDF /* DeleteHover.png in Resources */,
				4FA5A0AF1763633D00196CDF /* DeleteHover@2x.png in Resources */,
				4FA5A0B01763633D00196CDF /* DeletePushed.png in Resources */,
				4FA5A0B11763633D00196CDF /* DeletePushed@2x.png in Resources */,
				4FA5A0B21763633D00196CDF /* HammerHeader.png in Resources */,
				4FA5A0B31763633D00196CDF /* HammerHeader@2x.png in Resources */,
				4FA5A0B41763633D00196CDF /* MenubarIcon.png in Resources */,
				4FA5A0B51763633D00196CDF /* MenubarIcon@2x.png in Resources */,
				4FA5A0B61763633D00196CDF /* MenubarIconAlt.png in Resources */,
				4FA5A0B71763633D00196CDF /* MenubarIconAlt@2x.png in Resources */,
				4FA5A0B81763633D00196CDF /* MenubarIconGlow.png in Resources */,
				4FA5A0B91763633D00196CDF /* MenubarIconGlow@2x.png in Resources */,
				4FA5A0BA1763633D00196CDF /* Restart.png in Resources */,
				4FA5A0BB1763633D00196CDF /* Restart@2x.png in Resources */,
				4FA5A0BC1763633D00196CDF /* RestartHover.png in Resources */,
				4F723F9C1768D547004C5990 /* Footer@2x.png in Resources */,
				4FA5A0BD1763633D00196CDF /* RestartHover@2x.png in Resources */,
				4FA5A0BE1763633D00196CDF /* RestartPushed.png in Resources */,
				4F723F9B1768D547004C5990 /* Footer.png in Resources */,
				4FA5A0BF1763633D00196CDF /* RestartPushed@2x.png in Resources */,
				4FA5A0C01763633D00196CDF /* SettingsButton.png in Resources */,
				4FA5A0C11763633D00196CDF /* SettingsButton@2x.png in Resources */,
				4FA5A0C21763633D00196CDF /* SettingsButtonPushed.png in Resources */,
				4FA5A0C31763633D00196CDF /* SettingsButtonPushed@2x.png in Resources */,
				4FA5A0C41763633D00196CDF /* Switch.png in Resources */,
				4FA5A0C51763633D00196CDF /* Switch@2x.png in Resources */,
				4FA5A0C61763633D00196CDF /* SwitchActive.png in Resources */,
				4FA5A0C71763633D00196CDF /* SwitchActive@2x.png in Resources */,
				4FA5A0C81763633D00196CDF /* SwitchInactive.png in Resources */,
				4FA5A0C91763633D00196CDF /* SwitchInactive@2x.png in Resources */,
				4FA5A0CA1763633D00196CDF /* Titlebar.png in Resources */,
				4FA5A0CB1763633D00196CDF /* Titlebar@2x.png in Resources */,
				4FA5A0CC1763633D00196CDF /* TitlebarPoint.png in Resources */,
				4FA5A0CD1763633D00196CDF /* TitlebarPoint@2x.png in Resources */,
				4FA7B8621767706F009B0BBF /* RowBackgroundPushed.png in Resources */,
				4FA7B8631767706F009B0BBF /* RowBackgroundPushed@2x.png in Resources */,
			);
			runOnlyForDeploymentPostprocessing = 0;
		};
/* End PBXResourcesBuildPhase section */

/* Begin PBXSourcesBuildPhase section */
		4FBFA35215C6F85800BA8209 /* Sources */ = {
			isa = PBXSourcesBuildPhase;
			buildActionMask = 2147483647;
			files = (
				4FBFA36715C6F85800BA8209 /* main.m in Sources */,
				4FBFA36E15C6F85800BA8209 /* NVAppDelegate.m in Sources */,
				4FBFA38015C6F8D500BA8209 /* NVMenubarController.m in Sources */,
				4FD8D2FB176A72EF00D33EE8 /* LaunchAtLoginController.m in Sources */,
				4FBFA38315C6F94900BA8209 /* NVPanelController.m in Sources */,
				4FBFA38A15C6F9F400BA8209 /* NVStatusItemView.m in Sources */,
				4FBFA38D15C6FA7E00BA8209 /* NVBackgroundView.m in Sources */,
				4FBFA39815C6FE7F00BA8209 /* NVPanel.m in Sources */,
				4FBFA3A515C7EE4F00BA8209 /* NVSiteTableView.m in Sources */,
				4FBFA3B215C7F0DE00BA8209 /* NVSiteTableController.m in Sources */,
				4FBFA3B615C7F16300BA8209 /* NVLayeredImageView.m in Sources */,
				4FBFA3B915C7F49200BA8209 /* NVDataSource.m in Sources */,
				4FB9E80D1605FEBE005B50A4 /* NVApp.m in Sources */,
				4FB9E81216061096005B50A4 /* NVTableRowView.m in Sources */,
				4FB9E815160610A1005B50A4 /* NVTableCellView.m in Sources */,
				4F6DBFDB160626FB00D2F214 /* NVLabel.m in Sources */,
				4F78B8941608AD17006B0500 /* NVStyledView.m in Sources */,
				4F78B8CE1608ADCD006B0500 /* NSBezierPath+Additions.m in Sources */,
				4F78B8DC1608ADE4006B0500 /* NSError+HTTP.m in Sources */,
				4F78B8DD1608ADE4006B0500 /* NSGradient+Additions.m in Sources */,
				4F78B8DE1608ADE4006B0500 /* NSGraphicsContext+Additions.m in Sources */,
				4F78B8DF1608ADE4006B0500 /* NSImage+Additions.m in Sources */,
				4F78B8E01608ADE4006B0500 /* NSShadow+Additions.m in Sources */,
				4F78B8E11608ADE4006B0500 /* HMCoding.m in Sources */,
				4F78B8E41608C585006B0500 /* NVSwitchView.m in Sources */,
				4F0DA4BA1609CED500D21ABE /* BFImage.m in Sources */,
				4F361366160C9816008584A0 /* NVPopupButtonCell.m in Sources */,
				4F08AF9D1614885600D446C2 /* NVStyledButton.m in Sources */,
				4FCEDE9516159EA600122B18 /* CustomLoadingSpinner.m in Sources */,
				4FCEDE991615B7F700122B18 /* NVSpinnerButton.m in Sources */,
				4FB35C471740113600107F30 /* NVGroupHeaderTableRowView.m in Sources */,
				4FA5A0D117636A3D00196CDF /* NSButton+NSButton_Extensions.m in Sources */,
				4F2CCA10176384060010AB4B /* NVGroupHeaderTableCellView.m in Sources */,
			);
			runOnlyForDeploymentPostprocessing = 0;
		};
/* End PBXSourcesBuildPhase section */

/* Begin PBXVariantGroup section */
		4FBFA36315C6F85800BA8209 /* InfoPlist.strings */ = {
			isa = PBXVariantGroup;
			children = (
				4FBFA36415C6F85800BA8209 /* en */,
			);
			name = InfoPlist.strings;
			sourceTree = "<group>";
		};
		4FBFA36915C6F85800BA8209 /* Credits.rtf */ = {
			isa = PBXVariantGroup;
			children = (
				4FBFA36A15C6F85800BA8209 /* en */,
			);
			name = Credits.rtf;
			sourceTree = "<group>";
		};
		4FBFA36F15C6F85800BA8209 /* MainMenu.xib */ = {
			isa = PBXVariantGroup;
			children = (
				4FBFA37015C6F85800BA8209 /* en */,
			);
			name = MainMenu.xib;
			sourceTree = "<group>";
		};
/* End PBXVariantGroup section */

/* Begin XCBuildConfiguration section */
		4FBFA37215C6F85800BA8209 /* Debug */ = {
			isa = XCBuildConfiguration;
			buildSettings = {
				ALWAYS_SEARCH_USER_PATHS = NO;
				CLANG_CXX_LANGUAGE_STANDARD = "gnu++0x";
				CLANG_ENABLE_OBJC_ARC = YES;
				CLANG_WARN__DUPLICATE_METHOD_MATCH = YES;
				COPY_PHASE_STRIP = NO;
				GCC_C_LANGUAGE_STANDARD = gnu99;
				GCC_DYNAMIC_NO_PIC = NO;
				GCC_ENABLE_OBJC_EXCEPTIONS = YES;
				GCC_OPTIMIZATION_LEVEL = 0;
				GCC_PREPROCESSOR_DEFINITIONS = (
					"DEBUG=1",
					"$(inherited)",
				);
				GCC_SYMBOLS_PRIVATE_EXTERN = NO;
				GCC_WARN_64_TO_32_BIT_CONVERSION = YES;
				GCC_WARN_ABOUT_RETURN_TYPE = YES;
				GCC_WARN_UNINITIALIZED_AUTOS = YES;
				GCC_WARN_UNUSED_VARIABLE = YES;
				MACOSX_DEPLOYMENT_TARGET = 10.7;
				ONLY_ACTIVE_ARCH = YES;
				SDKROOT = macosx;
			};
			name = Debug;
		};
		4FBFA37315C6F85800BA8209 /* Release */ = {
			isa = XCBuildConfiguration;
			buildSettings = {
				ALWAYS_SEARCH_USER_PATHS = NO;
				CLANG_CXX_LANGUAGE_STANDARD = "gnu++0x";
				CLANG_ENABLE_OBJC_ARC = YES;
				CLANG_WARN__DUPLICATE_METHOD_MATCH = YES;
				COPY_PHASE_STRIP = YES;
				DEBUG_INFORMATION_FORMAT = "dwarf-with-dsym";
				GCC_C_LANGUAGE_STANDARD = gnu99;
				GCC_ENABLE_OBJC_EXCEPTIONS = YES;
				GCC_WARN_64_TO_32_BIT_CONVERSION = YES;
				GCC_WARN_ABOUT_RETURN_TYPE = YES;
				GCC_WARN_UNINITIALIZED_AUTOS = YES;
				GCC_WARN_UNUSED_VARIABLE = YES;
				MACOSX_DEPLOYMENT_TARGET = 10.7;
				SDKROOT = macosx;
			};
			name = Release;
		};
		4FBFA37515C6F85800BA8209 /* Debug */ = {
			isa = XCBuildConfiguration;
			buildSettings = {
				CODE_SIGN_IDENTITY = "Developer ID Application";
				COMBINE_HIDPI_IMAGES = NO;
				FRAMEWORK_SEARCH_PATHS = (
					"$(inherited)",
					"\"$(SRCROOT)\"",
				);
				GCC_PRECOMPILE_PREFIX_HEADER = YES;
				GCC_PREFIX_HEADER = "Anvil/Anvil-Prefix.pch";
				INFOPLIST_FILE = "Anvil/Anvil-Info.plist";
				MACOSX_DEPLOYMENT_TARGET = 10.7;
				OTHER_CODE_SIGN_FLAGS = "--deep";
				PRODUCT_NAME = "$(TARGET_NAME)";
				WRAPPER_EXTENSION = app;
			};
			name = Debug;
		};
		4FBFA37615C6F85800BA8209 /* Release */ = {
			isa = XCBuildConfiguration;
			buildSettings = {
				CODE_SIGN_IDENTITY = "Developer ID Application";
				COMBINE_HIDPI_IMAGES = NO;
				FRAMEWORK_SEARCH_PATHS = (
					"$(inherited)",
					"\"$(SRCROOT)\"",
				);
				GCC_PRECOMPILE_PREFIX_HEADER = YES;
				GCC_PREFIX_HEADER = "Anvil/Anvil-Prefix.pch";
				INFOPLIST_FILE = "Anvil/Anvil-Info.plist";
				MACOSX_DEPLOYMENT_TARGET = 10.7;
				OTHER_CODE_SIGN_FLAGS = "--deep";
				PRODUCT_NAME = "$(TARGET_NAME)";
				WRAPPER_EXTENSION = app;
			};
			name = Release;
		};
/* End XCBuildConfiguration section */

/* Begin XCConfigurationList section */
		4FBFA35015C6F85800BA8209 /* Build configuration list for PBXProject "Anvil" */ = {
			isa = XCConfigurationList;
			buildConfigurations = (
				4FBFA37215C6F85800BA8209 /* Debug */,
				4FBFA37315C6F85800BA8209 /* Release */,
			);
			defaultConfigurationIsVisible = 0;
			defaultConfigurationName = Release;
		};
		4FBFA37415C6F85800BA8209 /* Build configuration list for PBXNativeTarget "Anvil" */ = {
			isa = XCConfigurationList;
			buildConfigurations = (
				4FBFA37515C6F85800BA8209 /* Debug */,
				4FBFA37615C6F85800BA8209 /* Release */,
			);
			defaultConfigurationIsVisible = 0;
			defaultConfigurationName = Release;
		};
/* End XCConfigurationList section */
	};
	rootObject = 4FBFA34D15C6F85800BA8209 /* Project object */;
}
